PODS:
  - Capacitor (5.6.0):
    - CapacitorCordova
  - CapacitorApp (5.0.6):
    - Capacitor
  - CapacitorCordova (5.6.0)
  - CapacitorDevice (5.0.6):
    - Capacitor

DEPENDENCIES:
  - "Capacitor (from `../../../node_modules/@capacitor/ios`)"
  - "CapacitorApp (from `../../../node_modules/@capacitor/app`)"
  - "CapacitorCordova (from `../../../node_modules/@capacitor/ios`)"
  - "CapacitorDevice (from `../../../node_modules/@capacitor/device`)"

EXTERNAL SOURCES:
  Capacitor:
    :path: "../../../node_modules/@capacitor/ios"
  CapacitorApp:
    :path: "../../../node_modules/@capacitor/app"
  CapacitorCordova:
    :path: "../../../node_modules/@capacitor/ios"
  CapacitorDevice:
    :path: "../../../node_modules/@capacitor/device"

SPEC CHECKSUMS:
  Capacitor: ebfc16cdb8116d04c101686b080342872da42d43
  CapacitorApp: 024e1b1bea5f883d79f6330d309bc441c88ad04a
  CapacitorCordova: 931b48fcdbc9bc985fc2f16cec9f77c794a27729
  CapacitorDevice: 2c968f98a1ec4d22357418c1521e7ddc46c675e6

PODFILE CHECKSUM: b5a82c8c24aa93887381d1a64f4b7f0ca44d6ad2

COCOAPODS: 1.12.1
